
Microsoft Visual Studio Solution File, Format Version 12.00
# Visual Studio 15
VisualStudioVersion = 15.0.27428.2005
MinimumVisualStudioVersion = 10.0.40219.1
Project("{FAE04EC0-301F-11D3-BF4B-00C04F79EFBC}") = "CNTKMnist", "CNTKMnist\CNTKMnist.csproj", "{EB17BBC5-3756-45EF-8F73-745E51DC0A12}"
EndProject
Global
	GlobalSection(SolutionConfigurationPlatforms) = preSolution
		Debug|Any CPU = Debug|Any CPU
		Release|Any CPU = Release|Any CPU
	EndGlobalSection
	GlobalSection(ProjectConfigurationPlatforms) = postSolution
		{EB17BBC5-3756-45EF-8F73-745E51DC0A12}.Debug|Any CPU.ActiveCfg = Debug|Any CPU
		{EB17BBC5-3756-45EF-8F73-745E51DC0A12}.Debug|Any CPU.Build.0 = Debug|Any CPU
		{EB17BBC5-3756-45EF-8F73-745E51DC0A12}.Release|Any CPU.ActiveCfg = Release|Any CPU
		{EB17BBC5-3756-45EF-8F73-745E51DC0A12}.Release|Any CPU.Build.0 = Release|Any CPU
	EndGlobalSection
	GlobalSection(SolutionProperties) = preSolution
		HideSolutionNode = FALSE
	EndGlobalSection
	GlobalSection(ExtensibilityGlobals) = postSolution
		SolutionGuid = {102C751C-32A0-4E6F-86B8-C7684B658A11}
	EndGlobalSection
EndGlobal
